
Microsoft Visual Studio Solution File, Format Version 12.00
# Visual Studio Version 16
VisualStudioVersion = 16.0.29905.134
MinimumVisualStudioVersion = 10.0.40219.1
Project("{8BC9CEB8-8B4A-11D0-8D11-00A0C91BC942}") = "2020-NetProg", "2020-NetProg.vcxproj", "{4C2DA684-F77F-4819-91B5-80F37F8ABDAD}"
EndProject
Project("{8BC9CEB8-8B4A-11D0-8D11-00A0C91BC942}") = "PrepareInput", "PrepareInput\PrepareInput.vcxproj", "{E214A67E-B831-47E3-8F73-6C2FE2A48989}"
EndProject
Project("{8BC9CEB8-8B4A-11D0-8D11-00A0C91BC942}") = "ch3-FrameParse", "ch3-FrameParse\ch3-FrameParse.vcxproj", "{94A68248-4233-44AB-A71A-11E756E9AF67}"
EndProject
Project("{8BC9CEB8-8B4A-11D0-8D11-00A0C91BC942}") = "ch4-crc", "ch4-crc\ch4-crc.vcxproj", "{F6FDD722-5D9A-49A5-BE94-443F9E27F473}"
EndProject
Project("{8BC9CEB8-8B4A-11D0-8D11-00A0C91BC942}") = "ch4-crc32-frameclass", "ch4-crc32-frameclass\ch4-crc32-frameclass.vcxproj", "{239E1A72-EDF5-4ABC-BAAC-78FF26601965}"
EndProject
Project("{8BC9CEB8-8B4A-11D0-8D11-00A0C91BC942}") = "NWT", "NWT\NWT.vcxproj", "{4B46E5A1-65A5-4AFC-AA15-4B4F2EE6615B}"
EndProject
Project("{8BC9CEB8-8B4A-11D0-8D11-00A0C91BC942}") = "coutp", "..\coutp\coutp.vcxproj", "{7207308D-F53A-44BC-AA55-E17F9D3F4FAB}"
EndProject
Project("{8BC9CEB8-8B4A-11D0-8D11-00A0C91BC942}") = "PackParse", "..\Project1\Project1.vcxproj", "{D37C4A06-84E3-48D5-8854-870ADDCD887E}"
EndProject
Project("{8BC9CEB8-8B4A-11D0-8D11-00A0C91BC942}") = "chstring", "..\chstring\chstring.vcxproj", "{100E0253-0D2C-4A9C-A35C-88EB35AE4921}"
EndProject
Project("{8BC9CEB8-8B4A-11D0-8D11-00A0C91BC942}") = "Lab-4", "..\Lab-4\Lab-4.vcxproj", "{2D0C2872-7259-448E-90B9-9AD7C74D2A03}"
EndProject
Project("{8BC9CEB8-8B4A-11D0-8D11-00A0C91BC942}") = "lab5", "..\lab5\lab5.vcxproj", "{F42BA159-F71D-4A13-BF1D-E51502723ACB}"
EndProject
Project("{8BC9CEB8-8B4A-11D0-8D11-00A0C91BC942}") = "ftpc", "..\ftpc\ftpc.vcxproj", "{34592179-0B55-4044-9916-3EA909631572}"
EndProject
Global
	GlobalSection(SolutionConfigurationPlatforms) = preSolution
		Debug|x64 = Debug|x64
		Debug|x86 = Debug|x86
		Release|x64 = Release|x64
		Release|x86 = Release|x86
	EndGlobalSection
	GlobalSection(ProjectConfigurationPlatforms) = postSolution
		{4C2DA684-F77F-4819-91B5-80F37F8ABDAD}.Debug|x64.ActiveCfg = Debug|x64
		{4C2DA684-F77F-4819-91B5-80F37F8ABDAD}.Debug|x64.Build.0 = Debug|x64
		{4C2DA684-F77F-4819-91B5-80F37F8ABDAD}.Debug|x86.ActiveCfg = Debug|Win32
		{4C2DA684-F77F-4819-91B5-80F37F8ABDAD}.Debug|x86.Build.0 = Debug|Win32
		{4C2DA684-F77F-4819-91B5-80F37F8ABDAD}.Release|x64.ActiveCfg = Release|x64
		{4C2DA684-F77F-4819-91B5-80F37F8ABDAD}.Release|x64.Build.0 = Release|x64
		{4C2DA684-F77F-4819-91B5-80F37F8ABDAD}.Release|x86.ActiveCfg = Release|Win32
		{4C2DA684-F77F-4819-91B5-80F37F8ABDAD}.Release|x86.Build.0 = Release|Win32
		{E214A67E-B831-47E3-8F73-6C2FE2A48989}.Debug|x64.ActiveCfg = Debug|x64
		{E214A67E-B831-47E3-8F73-6C2FE2A48989}.Debug|x64.Build.0 = Debug|x64
		{E214A67E-B831-47E3-8F73-6C2FE2A48989}.Debug|x86.ActiveCfg = Debug|Win32
		{E214A67E-B831-47E3-8F73-6C2FE2A48989}.Debug|x86.Build.0 = Debug|Win32
		{E214A67E-B831-47E3-8F73-6C2FE2A48989}.Release|x64.ActiveCfg = Release|x64
		{E214A67E-B831-47E3-8F73-6C2FE2A48989}.Release|x64.Build.0 = Release|x64
		{E214A67E-B831-47E3-8F73-6C2FE2A48989}.Release|x86.ActiveCfg = Release|Win32
		{E214A67E-B831-47E3-8F73-6C2FE2A48989}.Release|x86.Build.0 = Release|Win32
		{94A68248-4233-44AB-A71A-11E756E9AF67}.Debug|x64.ActiveCfg = Debug|x64
		{94A68248-4233-44AB-A71A-11E756E9AF67}.Debug|x64.Build.0 = Debug|x64
		{94A68248-4233-44AB-A71A-11E756E9AF67}.Debug|x86.ActiveCfg = Debug|Win32
		{94A68248-4233-44AB-A71A-11E756E9AF67}.Debug|x86.Build.0 = Debug|Win32
		{94A68248-4233-44AB-A71A-11E756E9AF67}.Release|x64.ActiveCfg = Release|x64
		{94A68248-4233-44AB-A71A-11E756E9AF67}.Release|x64.Build.0 = Release|x64
		{94A68248-4233-44AB-A71A-11E756E9AF67}.Release|x86.ActiveCfg = Release|Win32
		{94A68248-4233-44AB-A71A-11E756E9AF67}.Release|x86.Build.0 = Release|Win32
		{F6FDD722-5D9A-49A5-BE94-443F9E27F473}.Debug|x64.ActiveCfg = Debug|x64
		{F6FDD722-5D9A-49A5-BE94-443F9E27F473}.Debug|x64.Build.0 = Debug|x64
		{F6FDD722-5D9A-49A5-BE94-443F9E27F473}.Debug|x86.ActiveCfg = Debug|Win32
		{F6FDD722-5D9A-49A5-BE94-443F9E27F473}.Debug|x86.Build.0 = Debug|Win32
		{F6FDD722-5D9A-49A5-BE94-443F9E27F473}.Release|x64.ActiveCfg = Release|x64
		{F6FDD722-5D9A-49A5-BE94-443F9E27F473}.Release|x64.Build.0 = Release|x64
		{F6FDD722-5D9A-49A5-BE94-443F9E27F473}.Release|x86.ActiveCfg = Release|Win32
		{F6FDD722-5D9A-49A5-BE94-443F9E27F473}.Release|x86.Build.0 = Release|Win32
		{239E1A72-EDF5-4ABC-BAAC-78FF26601965}.Debug|x64.ActiveCfg = Debug|x64
		{239E1A72-EDF5-4ABC-BAAC-78FF26601965}.Debug|x64.Build.0 = Debug|x64
		{239E1A72-EDF5-4ABC-BAAC-78FF26601965}.Debug|x86.ActiveCfg = Debug|Win32
		{239E1A72-EDF5-4ABC-BAAC-78FF26601965}.Debug|x86.Build.0 = Debug|Win32
		{239E1A72-EDF5-4ABC-BAAC-78FF26601965}.Release|x64.ActiveCfg = Release|x64
		{239E1A72-EDF5-4ABC-BAAC-78FF26601965}.Release|x64.Build.0 = Release|x64
		{239E1A72-EDF5-4ABC-BAAC-78FF26601965}.Release|x86.ActiveCfg = Release|Win32
		{239E1A72-EDF5-4ABC-BAAC-78FF26601965}.Release|x86.Build.0 = Release|Win32
		{4B46E5A1-65A5-4AFC-AA15-4B4F2EE6615B}.Debug|x64.ActiveCfg = Debug|x64
		{4B46E5A1-65A5-4AFC-AA15-4B4F2EE6615B}.Debug|x64.Build.0 = Debug|x64
		{4B46E5A1-65A5-4AFC-AA15-4B4F2EE6615B}.Debug|x86.ActiveCfg = Debug|Win32
		{4B46E5A1-65A5-4AFC-AA15-4B4F2EE6615B}.Debug|x86.Build.0 = Debug|Win32
		{4B46E5A1-65A5-4AFC-AA15-4B4F2EE6615B}.Release|x64.ActiveCfg = Release|x64
		{4B46E5A1-65A5-4AFC-AA15-4B4F2EE6615B}.Release|x64.Build.0 = Release|x64
		{4B46E5A1-65A5-4AFC-AA15-4B4F2EE6615B}.Release|x86.ActiveCfg = Release|Win32
		{4B46E5A1-65A5-4AFC-AA15-4B4F2EE6615B}.Release|x86.Build.0 = Release|Win32
		{7207308D-F53A-44BC-AA55-E17F9D3F4FAB}.Debug|x64.ActiveCfg = Debug|x64
		{7207308D-F53A-44BC-AA55-E17F9D3F4FAB}.Debug|x64.Build.0 = Debug|x64
		{7207308D-F53A-44BC-AA55-E17F9D3F4FAB}.Debug|x86.ActiveCfg = Debug|Win32
		{7207308D-F53A-44BC-AA55-E17F9D3F4FAB}.Debug|x86.Build.0 = Debug|Win32
		{7207308D-F53A-44BC-AA55-E17F9D3F4FAB}.Release|x64.ActiveCfg = Release|x64
		{7207308D-F53A-44BC-AA55-E17F9D3F4FAB}.Release|x64.Build.0 = Release|x64
		{7207308D-F53A-44BC-AA55-E17F9D3F4FAB}.Release|x86.ActiveCfg = Release|Win32
		{7207308D-F53A-44BC-AA55-E17F9D3F4FAB}.Release|x86.Build.0 = Release|Win32
		{D37C4A06-84E3-48D5-8854-870ADDCD887E}.Debug|x64.ActiveCfg = Debug|x64
		{D37C4A06-84E3-48D5-8854-870ADDCD887E}.Debug|x64.Build.0 = Debug|x64
		{D37C4A06-84E3-48D5-8854-870ADDCD887E}.Debug|x86.ActiveCfg = Debug|Win32
		{D37C4A06-84E3-48D5-8854-870ADDCD887E}.Debug|x86.Build.0 = Debug|Win32
		{D37C4A06-84E3-48D5-8854-870ADDCD887E}.Release|x64.ActiveCfg = Release|x64
		{D37C4A06-84E3-48D5-8854-870ADDCD887E}.Release|x64.Build.0 = Release|x64
		{D37C4A06-84E3-48D5-8854-870ADDCD887E}.Release|x86.ActiveCfg = Release|Win32
		{D37C4A06-84E3-48D5-8854-870ADDCD887E}.Release|x86.Build.0 = Release|Win32
		{100E0253-0D2C-4A9C-A35C-88EB35AE4921}.Debug|x64.ActiveCfg = Debug|x64
		{100E0253-0D2C-4A9C-A35C-88EB35AE4921}.Debug|x64.Build.0 = Debug|x64
		{100E0253-0D2C-4A9C-A35C-88EB35AE4921}.Debug|x86.ActiveCfg = Debug|Win32
		{100E0253-0D2C-4A9C-A35C-88EB35AE4921}.Debug|x86.Build.0 = Debug|Win32
		{100E0253-0D2C-4A9C-A35C-88EB35AE4921}.Release|x64.ActiveCfg = Release|x64
		{100E0253-0D2C-4A9C-A35C-88EB35AE4921}.Release|x64.Build.0 = Release|x64
		{100E0253-0D2C-4A9C-A35C-88EB35AE4921}.Release|x86.ActiveCfg = Release|Win32
		{100E0253-0D2C-4A9C-A35C-88EB35AE4921}.Release|x86.Build.0 = Release|Win32
		{2D0C2872-7259-448E-90B9-9AD7C74D2A03}.Debug|x64.ActiveCfg = Debug|x64
		{2D0C2872-7259-448E-90B9-9AD7C74D2A03}.Debug|x64.Build.0 = Debug|x64
		{2D0C2872-7259-448E-90B9-9AD7C74D2A03}.Debug|x86.ActiveCfg = Debug|Win32
		{2D0C2872-7259-448E-90B9-9AD7C74D2A03}.Debug|x86.Build.0 = Debug|Win32
		{2D0C2872-7259-448E-90B9-9AD7C74D2A03}.Release|x64.ActiveCfg = Release|x64
		{2D0C2872-7259-448E-90B9-9AD7C74D2A03}.Release|x64.Build.0 = Release|x64
		{2D0C2872-7259-448E-90B9-9AD7C74D2A03}.Release|x86.ActiveCfg = Release|Win32
		{2D0C2872-7259-448E-90B9-9AD7C74D2A03}.Release|x86.Build.0 = Release|Win32
		{F42BA159-F71D-4A13-BF1D-E51502723ACB}.Debug|x64.ActiveCfg = Debug|x64
		{F42BA159-F71D-4A13-BF1D-E51502723ACB}.Debug|x64.Build.0 = Debug|x64
		{F42BA159-F71D-4A13-BF1D-E51502723ACB}.Debug|x86.ActiveCfg = Debug|Win32
		{F42BA159-F71D-4A13-BF1D-E51502723ACB}.Debug|x86.Build.0 = Debug|Win32
		{F42BA159-F71D-4A13-BF1D-E51502723ACB}.Release|x64.ActiveCfg = Release|x64
		{F42BA159-F71D-4A13-BF1D-E51502723ACB}.Release|x64.Build.0 = Release|x64
		{F42BA159-F71D-4A13-BF1D-E51502723ACB}.Release|x86.ActiveCfg = Release|Win32
		{F42BA159-F71D-4A13-BF1D-E51502723ACB}.Release|x86.Build.0 = Release|Win32
		{34592179-0B55-4044-9916-3EA909631572}.Debug|x64.ActiveCfg = Debug|x64
		{34592179-0B55-4044-9916-3EA909631572}.Debug|x64.Build.0 = Debug|x64
		{34592179-0B55-4044-9916-3EA909631572}.Debug|x86.ActiveCfg = Debug|Win32
		{34592179-0B55-4044-9916-3EA909631572}.Debug|x86.Build.0 = Debug|Win32
		{34592179-0B55-4044-9916-3EA909631572}.Release|x64.ActiveCfg = Release|x64
		{34592179-0B55-4044-9916-3EA909631572}.Release|x64.Build.0 = Release|x64
		{34592179-0B55-4044-9916-3EA909631572}.Release|x86.ActiveCfg = Release|Win32
		{34592179-0B55-4044-9916-3EA909631572}.Release|x86.Build.0 = Release|Win32
	EndGlobalSection
	GlobalSection(SolutionProperties) = preSolution
		HideSolutionNode = FALSE
	EndGlobalSection
	GlobalSection(ExtensibilityGlobals) = postSolution
		SolutionGuid = {C55AB9CF-E0EA-4B6E-B823-63182483CDF3}
	EndGlobalSection
EndGlobal
